# This file is autogenerated, do not edit; changes may be undone by the next 'dep ensure'.


[[projects]]
  name = "github.com/BurntSushi/toml"
  packages = ["."]
  revision = "b26d9c308763d68093482582cea63d69be07a0f0"
  version = "v0.3.0"

[[projects]]
  branch = "master"
  name = "github.com/Joker/jade"
  packages = ["."]
  revision = "35b3f5bdbcc920cd31f4870536dbc63be8530541"

[[projects]]
  branch = "master"
  name = "github.com/aymerick/raymond"
  packages = [".","ast","lexer","parser"]
  revision = "72acac2207479d21dd45898c2a4264246c818148"

[[projects]]
  branch = "master"
  name = "github.com/eknkc/amber"
  packages = [".","parser"]
  revision = "cdade1c073850f4ffc70a829e31235ea6892853b"

[[projects]]
  name = "github.com/fatih/structs"
  packages = ["."]
  revision = "a720dfa8df582c51dee1b36feabb906bde1588bd"
  version = "v1.0"

[[projects]]
  branch = "master"
  name = "github.com/flosch/pongo2"
  packages = ["."]
  revision = "1f4be1efe3b3529b7e58861f75d70120a9567dc4"

[[projects]]
  branch = "master"
  name = "github.com/iris-contrib/formBinder"
  packages = ["."]
  revision = "ad9fb86c356f971f30319c40ddbdcf72129a2791"

[[projects]]
  name = "github.com/json-iterator/go"
  packages = ["."]
  revision = "6240e1e7983a85228f7fd9c3e1b6932d46ec58e2"
  version = "1.0.3"

[[projects]]
  branch = "master"
  name = "github.com/juju/errors"
  packages = ["."]
  revision = "c7d06af17c68cd34c835053720b21f6549d9b0ee"

[[projects]]
  branch = "master"
  name = "github.com/kataras/golog"
  packages = ["."]
  revision = "2ed680e7b1f34147164fa8073373e14fce02ac30"

[[projects]]
  name = "github.com/kataras/iris"
  packages = [".","cache","cache/cfg","cache/client","cache/client/rule","cache/entry","cache/ruleset","cache/uri","context","core/errors","core/handlerconv","core/host","core/memstore","core/netutil","core/router","core/router/macro","core/router/macro/interpreter/ast","core/router/macro/interpreter/lexer","core/router/macro/interpreter/parser","core/router/macro/interpreter/token","core/router/node","middleware/logger","middleware/recover","mvc","mvc/activator","mvc/activator/field","mvc/activator/methodfunc","mvc/activator/model","mvc/activator/persistence","sessions","view"]
  revision = "eeea656b255fbafab40daa247bd991072566ab88"
  version = "v8.5.2"

[[projects]]
  branch = "master"
  name = "github.com/kataras/pio"
  packages = [".","terminal"]
  revision = "825e39f34365e7db2c9fbc3692c16220e3bd7418"

[[projects]]
  name = "github.com/klauspost/compress"
  packages = ["flate","gzip"]
  revision = "6c8db69c4b49dd4df1fff66996cf556176d0b9bf"
  version = "v1.2.1"

[[projects]]
  name = "github.com/klauspost/cpuid"
  packages = ["."]
  revision = "ae7887de9fa5d2db4eaa8174a7eff2c1ac00f2da"
  version = "v1.1"

[[projects]]
  name = "github.com/klauspost/crc32"
  packages = ["."]
  revision = "cb6bfca970f6908083f26f39a79009d608efd5cd"
  version = "v1.1"

[[projects]]
  branch = "master"
  name = "github.com/microcosm-cc/bluemonday"
  packages = ["."]
  revision = "68fecaef60268522d2ac3f0123cec9d3bcab7b6e"

[[projects]]
  name = "github.com/russross/blackfriday"
  packages = ["."]
  revision = "cadec560ec52d93835bf2f15bd794700d3a2473b"
  version = "v2.0.0"

[[projects]]
  branch = "master"
  name = "github.com/ryanuber/columnize"
  packages = ["."]
  revision = "abc90934186a77966e2beeac62ed966aac0561d5"

[[projects]]
  branch = "master"
  name = "github.com/satori/go.uuid"
  packages = ["."]
  revision = "5bf94b69c6b68ee1b541973bb8e1144db23a194b"

[[projects]]
  branch = "master"
  name = "github.com/shurcooL/sanitized_anchor_name"
  packages = ["."]
  revision = "86672fcb3f950f35f2e675df2240550f2a50762f"

[[projects]]
  branch = "master"
  name = "golang.org/x/crypto"
  packages = ["acme","acme/autocert"]
  revision = "edd5e9b0879d13ee6970a50153d85b8fec9f7686"

[[projects]]
  branch = "master"
  name = "golang.org/x/net"
  packages = ["html","html/atom"]
  revision = "cd69bc3fc700721b709c3a59e16e24c67b58f6ff"

[[projects]]
  branch = "master"
  name = "golang.org/x/sys"
  packages = ["unix"]
  revision = "8dbc5d05d6edcc104950cc299a1ce6641235bc86"

[[projects]]
  branch = "v2"
  name = "gopkg.in/yaml.v2"
  packages = ["."]
  revision = "eb3733d160e74a9c7e442f435eb3bea458e1d19f"

[solve-meta]
  analyzer-name = "dep"
  analyzer-version = 1
  inputs-digest = "1aa5a954ba0bb782654aba2eead7ea67b15d82652b91c961f64ec3e44cbade8c"
  solver-name = "gps-cdcl"
  solver-version = 1
